PODS:
  - Alamofire (5.4.3)
  - CodableCache (0.2.2)
  - RxCocoa (5.1.1):
    - RxRelay (~> 5)
    - RxSwift (~> 5)
  - RxRelay (5.1.1):
    - RxSwift (~> 5)
  - RxSwift (5.1.2)
  - SDWebImage (5.11.1):
    - SDWebImage/Core (= 5.11.1)
  - SDWebImage/Core (5.11.1)
  - SwiftLint (0.43.1)

DEPENDENCIES:
  - Alamofire (~> 5)
  - CodableCache
  - RxCocoa (~> 5)
  - RxSwift (~> 5)
  - SDWebImage (~> 5.0)
  - SwiftLint (~> 0.27)

SPEC REPOS:
  trunk:
    - Alamofire
    - CodableCache
    - RxCocoa
    - RxRelay
    - RxSwift
    - SDWebImage
    - SwiftLint

SPEC CHECKSUMS:
  Alamofire: e447a2774a40c996748296fa2c55112fdbbc42f9
  CodableCache: 6bb7d51c4ca2a240d04cba407dd2d1d2fe54b191
  RxCocoa: 32065309a38d29b5b0db858819b5bf9ef038b601
  RxRelay: d77f7d771495f43c556cbc43eebd1bb54d01e8e9
  RxSwift: 1e2e1f9570186967f617e49128ed26ccf1bafc8e
  SDWebImage: a7f831e1a65eb5e285e3fb046a23fcfbf08e696d
  SwiftLint: 99f82d07b837b942dd563c668de129a03fc3fb52

PODFILE CHECKSUM: e88629d59c8b55439f271e9687ac4565cc44a7f6

COCOAPODS: 1.10.1
