// !$*UTF8*$!
{
	archiveVersion = 1;
	classes = {
	};
	objectVersion = 51;
	objects = {

/* Begin PBXBuildFile section */
		59427D51267B9493003E669E /* AppDelegate.swift in Sources */ = {isa = PBXBuildFile; fileRef = 59427D50267B9493003E669E /* AppDelegate.swift */; };
		59427D55267B9494003E669E /* NewsListViewController.swift in Sources */ = {isa = PBXBuildFile; fileRef = 59427D54267B9494003E669E /* NewsListViewController.swift */; };
		59427D5A267B9496003E669E /* Assets.xcassets in Resources */ = {isa = PBXBuildFile; fileRef = 59427D59267B9496003E669E /* Assets.xcassets */; };
		59427D5D267B9496003E669E /* LaunchScreen.storyboard in Resources */ = {isa = PBXBuildFile; fileRef = 59427D5B267B9496003E669E /* LaunchScreen.storyboard */; };
		59427D68267B9497003E669E /* TempoMobileTaskTests.swift in Sources */ = {isa = PBXBuildFile; fileRef = 59427D67267B9497003E669E /* TempoMobileTaskTests.swift */; };
		59427D73267B9497003E669E /* TempoMobileTaskUITests.swift in Sources */ = {isa = PBXBuildFile; fileRef = 59427D72267B9497003E669E /* TempoMobileTaskUITests.swift */; };
		59427D85267B983A003E669E /* ApiClient.swift in Sources */ = {isa = PBXBuildFile; fileRef = 59427D82267B983A003E669E /* ApiClient.swift */; };
		59427D86267B983A003E669E /* ApiRouter.swift in Sources */ = {isa = PBXBuildFile; fileRef = 59427D83267B983A003E669E /* ApiRouter.swift */; };
		59427D87267B983A003E669E /* NetworkConstants.swift in Sources */ = {isa = PBXBuildFile; fileRef = 59427D84267B983A003E669E /* NetworkConstants.swift */; };
		59427D8A267B9A94003E669E /* NewsModel.swift in Sources */ = {isa = PBXBuildFile; fileRef = 59427D89267B9A94003E669E /* NewsModel.swift */; };
		59427D8C267D16C3003E669E /* NewsListViewController.xib in Resources */ = {isa = PBXBuildFile; fileRef = 59427D8B267D16C3003E669E /* NewsListViewController.xib */; };
		59427D92267D1874003E669E /* NewsViewModel.swift in Sources */ = {isa = PBXBuildFile; fileRef = 59427D91267D1874003E669E /* NewsViewModel.swift */; };
		59427D96267D2315003E669E /* NewsTableViewCell.swift in Sources */ = {isa = PBXBuildFile; fileRef = 59427D94267D2315003E669E /* NewsTableViewCell.swift */; };
		59427D97267D2315003E669E /* NewsTableViewCell.xib in Resources */ = {isa = PBXBuildFile; fileRef = 59427D95267D2315003E669E /* NewsTableViewCell.xib */; };
		59F53D12267E19F5000B782F /* NewsDetailsViewController.swift in Sources */ = {isa = PBXBuildFile; fileRef = 59F53D10267E19F5000B782F /* NewsDetailsViewController.swift */; };
		59F53D13267E19F5000B782F /* NewsDetailsViewController.xib in Resources */ = {isa = PBXBuildFile; fileRef = 59F53D11267E19F5000B782F /* NewsDetailsViewController.xib */; };
		59F53D15267E25BA000B782F /* Extensions.swift in Sources */ = {isa = PBXBuildFile; fileRef = 59F53D14267E25BA000B782F /* Extensions.swift */; };
		653C82C74AA8BBFC84614E28 /* Pods_TempoMobileTaskTests.framework in Frameworks */ = {isa = PBXBuildFile; fileRef = 8DFA83A02C641179C8D95761 /* Pods_TempoMobileTaskTests.framework */; };
		AA3C838AED3CEBAEB78E2F8C /* Pods_TempoMobileTask_TempoMobileTaskUITests.framework in Frameworks */ = {isa = PBXBuildFile; fileRef = E85B5DEDDB737CB12BC912EB /* Pods_TempoMobileTask_TempoMobileTaskUITests.framework */; };
		B6E6CBF6261B89B805A3542D /* Pods_TempoMobileTask.framework in Frameworks */ = {isa = PBXBuildFile; fileRef = E6E7F21AF7476591EC27D522 /* Pods_TempoMobileTask.framework */; };
/* End PBXBuildFile section */

/* Begin PBXContainerItemProxy section */
		59427D64267B9497003E669E /* PBXContainerItemProxy */ = {
			isa = PBXContainerItemProxy;
			containerPortal = 59427D45267B9493003E669E /* Project object */;
			proxyType = 1;
			remoteGlobalIDString = 59427D4C267B9493003E669E;
			remoteInfo = TempoMobileTask;
		};
		59427D6F267B9497003E669E /* PBXContainerItemProxy */ = {
			isa = PBXContainerItemProxy;
			containerPortal = 59427D45267B9493003E669E /* Project object */;
			proxyType = 1;
			remoteGlobalIDString = 59427D4C267B9493003E669E;
			remoteInfo = TempoMobileTask;
		};
/* End PBXContainerItemProxy section */

/* Begin PBXFileReference section */
		0329BE9C5DF721D8D8F1CEF8 /* Pods-TempoMobileTask-TempoMobileTaskUITests.debug.xcconfig */ = {isa = PBXFileReference; includeInIndex = 1; lastKnownFileType = text.xcconfig; name = "Pods-TempoMobileTask-TempoMobileTaskUITests.debug.xcconfig"; path = "Target Support Files/Pods-TempoMobileTask-TempoMobileTaskUITests/Pods-TempoMobileTask-TempoMobileTaskUITests.debug.xcconfig"; sourceTree = "<group>"; };
		23FE51D4D18BF319DFFCFEE6 /* Pods-TempoMobileTask.release.xcconfig */ = {isa = PBXFileReference; includeInIndex = 1; lastKnownFileType = text.xcconfig; name = "Pods-TempoMobileTask.release.xcconfig"; path = "Target Support Files/Pods-TempoMobileTask/Pods-TempoMobileTask.release.xcconfig"; sourceTree = "<group>"; };
		26B1682FD65E84DAAA356FC1 /* Pods-TempoMobileTask-TempoMobileTaskUITests.release.xcconfig */ = {isa = PBXFileReference; includeInIndex = 1; lastKnownFileType = text.xcconfig; name = "Pods-TempoMobileTask-TempoMobileTaskUITests.release.xcconfig"; path = "Target Support Files/Pods-TempoMobileTask-TempoMobileTaskUITests/Pods-TempoMobileTask-TempoMobileTaskUITests.release.xcconfig"; sourceTree = "<group>"; };
		3C251D030ACFE42400284393 /* Pods-TempoMobileTask.debug.xcconfig */ = {isa = PBXFileReference; includeInIndex = 1; lastKnownFileType = text.xcconfig; name = "Pods-TempoMobileTask.debug.xcconfig"; path = "Target Support Files/Pods-TempoMobileTask/Pods-TempoMobileTask.debug.xcconfig"; sourceTree = "<group>"; };
		59427D4D267B9493003E669E /* TempoMobileTask.app */ = {isa = PBXFileReference; explicitFileType = wrapper.application; includeInIndex = 0; path = TempoMobileTask.app; sourceTree = BUILT_PRODUCTS_DIR; };
		59427D50267B9493003E669E /* AppDelegate.swift */ = {isa = PBXFileReference; lastKnownFileType = sourcecode.swift; path = AppDelegate.swift; sourceTree = "<group>"; };
		59427D54267B9494003E669E /* NewsListViewController.swift */ = {isa = PBXFileReference; lastKnownFileType = sourcecode.swift; path = NewsListViewController.swift; sourceTree = "<group>"; };
		59427D59267B9496003E669E /* Assets.xcassets */ = {isa = PBXFileReference; lastKnownFileType = folder.assetcatalog; path = Assets.xcassets; sourceTree = "<group>"; };
		59427D5C267B9496003E669E /* Base */ = {isa = PBXFileReference; lastKnownFileType = file.storyboard; name = Base; path = Base.lproj/LaunchScreen.storyboard; sourceTree = "<group>"; };
		59427D5E267B9496003E669E /* Info.plist */ = {isa = PBXFileReference; lastKnownFileType = text.plist.xml; path = Info.plist; sourceTree = "<group>"; };
		59427D63267B9497003E669E /* TempoMobileTaskTests.xctest */ = {isa = PBXFileReference; explicitFileType = wrapper.cfbundle; includeInIndex = 0; path = TempoMobileTaskTests.xctest; sourceTree = BUILT_PRODUCTS_DIR; };
		59427D67267B9497003E669E /* TempoMobileTaskTests.swift */ = {isa = PBXFileReference; lastKnownFileType = sourcecode.swift; path = TempoMobileTaskTests.swift; sourceTree = "<group>"; };
		59427D69267B9497003E669E /* Info.plist */ = {isa = PBXFileReference; lastKnownFileType = text.plist.xml; path = Info.plist; sourceTree = "<group>"; };
		59427D6E267B9497003E669E /* TempoMobileTaskUITests.xctest */ = {isa = PBXFileReference; explicitFileType = wrapper.cfbundle; includeInIndex = 0; path = TempoMobileTaskUITests.xctest; sourceTree = BUILT_PRODUCTS_DIR; };
		59427D72267B9497003E669E /* TempoMobileTaskUITests.swift */ = {isa = PBXFileReference; lastKnownFileType = sourcecode.swift; path = TempoMobileTaskUITests.swift; sourceTree = "<group>"; };
		59427D74267B9497003E669E /* Info.plist */ = {isa = PBXFileReference; lastKnownFileType = text.plist.xml; path = Info.plist; sourceTree = "<group>"; };
		59427D82267B983A003E669E /* ApiClient.swift */ = {isa = PBXFileReference; fileEncoding = 4; lastKnownFileType = sourcecode.swift; path = ApiClient.swift; sourceTree = "<group>"; };
		59427D83267B983A003E669E /* ApiRouter.swift */ = {isa = PBXFileReference; fileEncoding = 4; lastKnownFileType = sourcecode.swift; path = ApiRouter.swift; sourceTree = "<group>"; };
		59427D84267B983A003E669E /* NetworkConstants.swift */ = {isa = PBXFileReference; fileEncoding = 4; lastKnownFileType = sourcecode.swift; path = NetworkConstants.swift; sourceTree = "<group>"; };
		59427D89267B9A94003E669E /* NewsModel.swift */ = {isa = PBXFileReference; lastKnownFileType = sourcecode.swift; path = NewsModel.swift; sourceTree = "<group>"; };
		59427D8B267D16C3003E669E /* NewsListViewController.xib */ = {isa = PBXFileReference; lastKnownFileType = file.xib; path = NewsListViewController.xib; sourceTree = "<group>"; };
		59427D91267D1874003E669E /* NewsViewModel.swift */ = {isa = PBXFileReference; lastKnownFileType = sourcecode.swift; path = NewsViewModel.swift; sourceTree = "<group>"; };
		59427D94267D2315003E669E /* NewsTableViewCell.swift */ = {isa = PBXFileReference; lastKnownFileType = sourcecode.swift; path = NewsTableViewCell.swift; sourceTree = "<group>"; };
		59427D95267D2315003E669E /* NewsTableViewCell.xib */ = {isa = PBXFileReference; lastKnownFileType = file.xib; path = NewsTableViewCell.xib; sourceTree = "<group>"; };
		59F53D10267E19F5000B782F /* NewsDetailsViewController.swift */ = {isa = PBXFileReference; lastKnownFileType = sourcecode.swift; path = NewsDetailsViewController.swift; sourceTree = "<group>"; };
		59F53D11267E19F5000B782F /* NewsDetailsViewController.xib */ = {isa = PBXFileReference; lastKnownFileType = file.xib; path = NewsDetailsViewController.xib; sourceTree = "<group>"; };
		59F53D14267E25BA000B782F /* Extensions.swift */ = {isa = PBXFileReference; lastKnownFileType = sourcecode.swift; path = Extensions.swift; sourceTree = "<group>"; };
		8DFA83A02C641179C8D95761 /* Pods_TempoMobileTaskTests.framework */ = {isa = PBXFileReference; explicitFileType = wrapper.framework; includeInIndex = 0; path = Pods_TempoMobileTaskTests.framework; sourceTree = BUILT_PRODUCTS_DIR; };
		B3D9F57876FD7E38FADEC077 /* Pods-TempoMobileTaskTests.debug.xcconfig */ = {isa = PBXFileReference; includeInIndex = 1; lastKnownFileType = text.xcconfig; name = "Pods-TempoMobileTaskTests.debug.xcconfig"; path = "Target Support Files/Pods-TempoMobileTaskTests/Pods-TempoMobileTaskTests.debug.xcconfig"; sourceTree = "<group>"; };
		D7B212E36296B61DEACEA44F /* Pods-TempoMobileTaskTests.release.xcconfig */ = {isa = PBXFileReference; includeInIndex = 1; lastKnownFileType = text.xcconfig; name = "Pods-TempoMobileTaskTests.release.xcconfig"; path = "Target Support Files/Pods-TempoMobileTaskTests/Pods-TempoMobileTaskTests.release.xcconfig"; sourceTree = "<group>"; };
		E6E7F21AF7476591EC27D522 /* Pods_TempoMobileTask.framework */ = {isa = PBXFileReference; explicitFileType = wrapper.framework; includeInIndex = 0; path = Pods_TempoMobileTask.framework; sourceTree = BUILT_PRODUCTS_DIR; };
		E85B5DEDDB737CB12BC912EB /* Pods_TempoMobileTask_TempoMobileTaskUITests.framework */ = {isa = PBXFileReference; explicitFileType = wrapper.framework; includeInIndex = 0; path = Pods_TempoMobileTask_TempoMobileTaskUITests.framework; sourceTree = BUILT_PRODUCTS_DIR; };
/* End PBXFileReference section */

/* Begin PBXFrameworksBuildPhase section */
		59427D4A267B9493003E669E /* Frameworks */ = {
			isa = PBXFrameworksBuildPhase;
			buildActionMask = 2147483647;
			files = (
				B6E6CBF6261B89B805A3542D /* Pods_TempoMobileTask.framework in Frameworks */,
			);
			runOnlyForDeploymentPostprocessing = 0;
		};
		59427D60267B9497003E669E /* Frameworks */ = {
			isa = PBXFrameworksBuildPhase;
			buildActionMask = 2147483647;
			files = (
				653C82C74AA8BBFC84614E28 /* Pods_TempoMobileTaskTests.framework in Frameworks */,
			);
			runOnlyForDeploymentPostprocessing = 0;
		};
		59427D6B267B9497003E669E /* Frameworks */ = {
			isa = PBXFrameworksBuildPhase;
			buildActionMask = 2147483647;
			files = (
				AA3C838AED3CEBAEB78E2F8C /* Pods_TempoMobileTask_TempoMobileTaskUITests.framework in Frameworks */,
			);
			runOnlyForDeploymentPostprocessing = 0;
		};
/* End PBXFrameworksBuildPhase section */

/* Begin PBXGroup section */
		59427D44267B9493003E669E = {
			isa = PBXGroup;
			children = (
				59427D4F267B9493003E669E /* TempoMobileTask */,
				59427D66267B9497003E669E /* TempoMobileTaskTests */,
				59427D71267B9497003E669E /* TempoMobileTaskUITests */,
				59427D4E267B9493003E669E /* Products */,
				B7F1AEE4EE677F087903A0E0 /* Pods */,
				A567DE49102EB988B8AB4A75 /* Frameworks */,
			);
			sourceTree = "<group>";
		};
		59427D4E267B9493003E669E /* Products */ = {
			isa = PBXGroup;
			children = (
				59427D4D267B9493003E669E /* TempoMobileTask.app */,
				59427D63267B9497003E669E /* TempoMobileTaskTests.xctest */,
				59427D6E267B9497003E669E /* TempoMobileTaskUITests.xctest */,
			);
			name = Products;
			sourceTree = "<group>";
		};
		59427D4F267B9493003E669E /* TempoMobileTask */ = {
			isa = PBXGroup;
			children = (
				59F53D0E267E19C4000B782F /* NewsDetails */,
				59427D8F267D1841003E669E /* NewsList */,
				59427D81267B9828003E669E /* Networking */,
				59427D50267B9493003E669E /* AppDelegate.swift */,
				59F53D14267E25BA000B782F /* Extensions.swift */,
				59427D59267B9496003E669E /* Assets.xcassets */,
				59427D5B267B9496003E669E /* LaunchScreen.storyboard */,
				59427D5E267B9496003E669E /* Info.plist */,
			);
			path = TempoMobileTask;
			sourceTree = "<group>";
		};
		59427D66267B9497003E669E /* TempoMobileTaskTests */ = {
			isa = PBXGroup;
			children = (
				59427D67267B9497003E669E /* TempoMobileTaskTests.swift */,
				59427D69267B9497003E669E /* Info.plist */,
			);
			path = TempoMobileTaskTests;
			sourceTree = "<group>";
		};
		59427D71267B9497003E669E /* TempoMobileTaskUITests */ = {
			isa = PBXGroup;
			children = (
				59427D72267B9497003E669E /* TempoMobileTaskUITests.swift */,
				59427D74267B9497003E669E /* Info.plist */,
			);
			path = TempoMobileTaskUITests;
			sourceTree = "<group>";
		};
		59427D81267B9828003E669E /* Networking */ = {
			isa = PBXGroup;
			children = (
				59427D82267B983A003E669E /* ApiClient.swift */,
				59427D83267B983A003E669E /* ApiRouter.swift */,
				59427D84267B983A003E669E /* NetworkConstants.swift */,
			);
			path = Networking;
			sourceTree = "<group>";
		};
		59427D88267B9A83003E669E /* Model */ = {
			isa = PBXGroup;
			children = (
				59427D89267B9A94003E669E /* NewsModel.swift */,
			);
			path = Model;
			sourceTree = "<group>";
		};
		59427D8D267D1829003E669E /* View */ = {
			isa = PBXGroup;
			children = (
				59427D93267D22F2003E669E /* NewsTableViewCell */,
				59427D8B267D16C3003E669E /* NewsListViewController.xib */,
			);
			path = View;
			sourceTree = "<group>";
		};
		59427D8E267D1835003E669E /* ViewController */ = {
			isa = PBXGroup;
			children = (
				59427D54267B9494003E669E /* NewsListViewController.swift */,
			);
			path = ViewController;
			sourceTree = "<group>";
		};
		59427D8F267D1841003E669E /* NewsList */ = {
			isa = PBXGroup;
			children = (
				59427D90267D1863003E669E /* ViewModel */,
				59427D88267B9A83003E669E /* Model */,
				59427D8E267D1835003E669E /* ViewController */,
				59427D8D267D1829003E669E /* View */,
			);
			path = NewsList;
			sourceTree = "<group>";
		};
		59427D90267D1863003E669E /* ViewModel */ = {
			isa = PBXGroup;
			children = (
				59427D91267D1874003E669E /* NewsViewModel.swift */,
			);
			path = ViewModel;
			sourceTree = "<group>";
		};
		59427D93267D22F2003E669E /* NewsTableViewCell */ = {
			isa = PBXGroup;
			children = (
				59427D94267D2315003E669E /* NewsTableViewCell.swift */,
				59427D95267D2315003E669E /* NewsTableViewCell.xib */,
			);
			path = NewsTableViewCell;
			sourceTree = "<group>";
		};
		59F53D0E267E19C4000B782F /* NewsDetails */ = {
			isa = PBXGroup;
			children = (
				59F53D0F267E19D5000B782F /* ViewController */,
			);
			path = NewsDetails;
			sourceTree = "<group>";
		};
		59F53D0F267E19D5000B782F /* ViewController */ = {
			isa = PBXGroup;
			children = (
				59F53D10267E19F5000B782F /* NewsDetailsViewController.swift */,
				59F53D11267E19F5000B782F /* NewsDetailsViewController.xib */,
			);
			path = ViewController;
			sourceTree = "<group>";
		};
		A567DE49102EB988B8AB4A75 /* Frameworks */ = {
			isa = PBXGroup;
			children = (
				E6E7F21AF7476591EC27D522 /* Pods_TempoMobileTask.framework */,
				E85B5DEDDB737CB12BC912EB /* Pods_TempoMobileTask_TempoMobileTaskUITests.framework */,
				8DFA83A02C641179C8D95761 /* Pods_TempoMobileTaskTests.framework */,
			);
			name = Frameworks;
			sourceTree = "<group>";
		};
		B7F1AEE4EE677F087903A0E0 /* Pods */ = {
			isa = PBXGroup;
			children = (
				3C251D030ACFE42400284393 /* Pods-TempoMobileTask.debug.xcconfig */,
				23FE51D4D18BF319DFFCFEE6 /* Pods-TempoMobileTask.release.xcconfig */,
				0329BE9C5DF721D8D8F1CEF8 /* Pods-TempoMobileTask-TempoMobileTaskUITests.debug.xcconfig */,
				26B1682FD65E84DAAA356FC1 /* Pods-TempoMobileTask-TempoMobileTaskUITests.release.xcconfig */,
				B3D9F57876FD7E38FADEC077 /* Pods-TempoMobileTaskTests.debug.xcconfig */,
				D7B212E36296B61DEACEA44F /* Pods-TempoMobileTaskTests.release.xcconfig */,
			);
			path = Pods;
			sourceTree = "<group>";
		};
/* End PBXGroup section */

/* Begin PBXNativeTarget section */
		59427D4C267B9493003E669E /* TempoMobileTask */ = {
			isa = PBXNativeTarget;
			buildConfigurationList = 59427D77267B9497003E669E /* Build configuration list for PBXNativeTarget "TempoMobileTask" */;
			buildPhases = (
				7D3EEB6C3DA3BC54FB0B9176 /* [CP] Check Pods Manifest.lock */,
				59427D49267B9493003E669E /* Sources */,
				59427D4A267B9493003E669E /* Frameworks */,
				59427D4B267B9493003E669E /* Resources */,
				BB37EF381188706967C72047 /* [CP] Embed Pods Frameworks */,
				59427D80267B95C9003E669E /* ShellScript */,
			);
			buildRules = (
			);
			dependencies = (
			);
			name = TempoMobileTask;
			productName = TempoMobileTask;
			productReference = 59427D4D267B9493003E669E /* TempoMobileTask.app */;
			productType = "com.apple.product-type.application";
		};
		59427D62267B9497003E669E /* TempoMobileTaskTests */ = {
			isa = PBXNativeTarget;
			buildConfigurationList = 59427D7A267B9497003E669E /* Build configuration list for PBXNativeTarget "TempoMobileTaskTests" */;
			buildPhases = (
				02BC220F4C36D2F7681BA94F /* [CP] Check Pods Manifest.lock */,
				59427D5F267B9497003E669E /* Sources */,
				59427D60267B9497003E669E /* Frameworks */,
				59427D61267B9497003E669E /* Resources */,
			);
			buildRules = (
			);
			dependencies = (
				59427D65267B9497003E669E /* PBXTargetDependency */,
			);
			name = TempoMobileTaskTests;
			productName = TempoMobileTaskTests;
			productReference = 59427D63267B9497003E669E /* TempoMobileTaskTests.xctest */;
			productType = "com.apple.product-type.bundle.unit-test";
		};
		59427D6D267B9497003E669E /* TempoMobileTaskUITests */ = {
			isa = PBXNativeTarget;
			buildConfigurationList = 59427D7D267B9497003E669E /* Build configuration list for PBXNativeTarget "TempoMobileTaskUITests" */;
			buildPhases = (
				F3B603F94EC0BB3834047489 /* [CP] Check Pods Manifest.lock */,
				59427D6A267B9497003E669E /* Sources */,
				59427D6B267B9497003E669E /* Frameworks */,
				59427D6C267B9497003E669E /* Resources */,
				AC6AC3DA07230D25060092DC /* [CP] Embed Pods Frameworks */,
			);
			buildRules = (
			);
			dependencies = (
				59427D70267B9497003E669E /* PBXTargetDependency */,
			);
			name = TempoMobileTaskUITests;
			productName = TempoMobileTaskUITests;
			productReference = 59427D6E267B9497003E669E /* TempoMobileTaskUITests.xctest */;
			productType = "com.apple.product-type.bundle.ui-testing";
		};
/* End PBXNativeTarget section */

/* Begin PBXProject section */
		59427D45267B9493003E669E /* Project object */ = {
			isa = PBXProject;
			attributes = {
				LastSwiftUpdateCheck = 1250;
				LastUpgradeCheck = 1250;
				TargetAttributes = {
					59427D4C267B9493003E669E = {
						CreatedOnToolsVersion = 12.5;
					};
					59427D62267B9497003E669E = {
						CreatedOnToolsVersion = 12.5;
						TestTargetID = 59427D4C267B9493003E669E;
					};
					59427D6D267B9497003E669E = {
						CreatedOnToolsVersion = 12.5;
						TestTargetID = 59427D4C267B9493003E669E;
					};
				};
			};
			buildConfigurationList = 59427D48267B9493003E669E /* Build configuration list for PBXProject "TempoMobileTask" */;
			compatibilityVersion = "Xcode 9.3";
			developmentRegion = en;
			hasScannedForEncodings = 0;
			knownRegions = (
				en,
				Base,
			);
			mainGroup = 59427D44267B9493003E669E;
			productRefGroup = 59427D4E267B9493003E669E /* Products */;
			projectDirPath = "";
			projectRoot = "";
			targets = (
				59427D4C267B9493003E669E /* TempoMobileTask */,
				59427D62267B9497003E669E /* TempoMobileTaskTests */,
				59427D6D267B9497003E669E /* TempoMobileTaskUITests */,
			);
		};
/* End PBXProject section */

/* Begin PBXResourcesBuildPhase section */
		59427D4B267B9493003E669E /* Resources */ = {
			isa = PBXResourcesBuildPhase;
			buildActionMask = 2147483647;
			files = (
				59427D5D267B9496003E669E /* LaunchScreen.storyboard in Resources */,
				59427D8C267D16C3003E669E /* NewsListViewController.xib in Resources */,
				59427D97267D2315003E669E /* NewsTableViewCell.xib in Resources */,
				59F53D13267E19F5000B782F /* NewsDetailsViewController.xib in Resources */,
				59427D5A267B9496003E669E /* Assets.xcassets in Resources */,
			);
			runOnlyForDeploymentPostprocessing = 0;
		};
		59427D61267B9497003E669E /* Resources */ = {
			isa = PBXResourcesBuildPhase;
			buildActionMask = 2147483647;
			files = (
			);
			runOnlyForDeploymentPostprocessing = 0;
		};
		59427D6C267B9497003E669E /* Resources */ = {
			isa = PBXResourcesBuildPhase;
			buildActionMask = 2147483647;
			files = (
			);
			runOnlyForDeploymentPostprocessing = 0;
		};
/* End PBXResourcesBuildPhase section */

/* Begin PBXShellScriptBuildPhase section */
		02BC220F4C36D2F7681BA94F /* [CP] Check Pods Manifest.lock */ = {
			isa = PBXShellScriptBuildPhase;
			buildActionMask = 2147483647;
			files = (
			);
			inputFileListPaths = (
			);
			inputPaths = (
				"${PODS_PODFILE_DIR_PATH}/Podfile.lock",
				"${PODS_ROOT}/Manifest.lock",
			);
			name = "[CP] Check Pods Manifest.lock";
			outputFileListPaths = (
			);
			outputPaths = (
				"$(DERIVED_FILE_DIR)/Pods-TempoMobileTaskTests-checkManifestLockResult.txt",
			);
			runOnlyForDeploymentPostprocessing = 0;
			shellPath = /bin/sh;
			shellScript = "diff \"${PODS_PODFILE_DIR_PATH}/Podfile.lock\" \"${PODS_ROOT}/Manifest.lock\" > /dev/null\nif [ $? != 0 ] ; then\n    # print error to STDERR\n    echo \"error: The sandbox is not in sync with the Podfile.lock. Run 'pod install' or update your CocoaPods installation.\" >&2\n    exit 1\nfi\n# This output is used by Xcode 'outputs' to avoid re-running this script phase.\necho \"SUCCESS\" > \"${SCRIPT_OUTPUT_FILE_0}\"\n";
			showEnvVarsInLog = 0;
		};
		59427D80267B95C9003E669E /* ShellScript */ = {
			isa = PBXShellScriptBuildPhase;
			buildActionMask = 2147483647;
			files = (
			);
			inputFileListPaths = (
			);
			inputPaths = (
			);
			outputFileListPaths = (
			);
			outputPaths = (
			);
			runOnlyForDeploymentPostprocessing = 0;
			shellPath = /bin/sh;
			shellScript = "# Type a script or drag a script file from your workspace to insert its path.\nif which swiftlint >/dev/null; then\n  swiftlint\nelse\n  echo \"warning: SwiftLint not installed, download from https://github.com/realm/SwiftLint\"\nfi\n";
		};
		7D3EEB6C3DA3BC54FB0B9176 /* [CP] Check Pods Manifest.lock */ = {
			isa = PBXShellScriptBuildPhase;
			buildActionMask = 2147483647;
			files = (
			);
			inputFileListPaths = (
			);
			inputPaths = (
				"${PODS_PODFILE_DIR_PATH}/Podfile.lock",
				"${PODS_ROOT}/Manifest.lock",
			);
			name = "[CP] Check Pods Manifest.lock";
			outputFileListPaths = (
			);
			outputPaths = (
				"$(DERIVED_FILE_DIR)/Pods-TempoMobileTask-checkManifestLockResult.txt",
			);
			runOnlyForDeploymentPostprocessing = 0;
			shellPath = /bin/sh;
			shellScript = "diff \"${PODS_PODFILE_DIR_PATH}/Podfile.lock\" \"${PODS_ROOT}/Manifest.lock\" > /dev/null\nif [ $? != 0 ] ; then\n    # print error to STDERR\n    echo \"error: The sandbox is not in sync with the Podfile.lock. Run 'pod install' or update your CocoaPods installation.\" >&2\n    exit 1\nfi\n# This output is used by Xcode 'outputs' to avoid re-running this script phase.\necho \"SUCCESS\" > \"${SCRIPT_OUTPUT_FILE_0}\"\n";
			showEnvVarsInLog = 0;
		};
		AC6AC3DA07230D25060092DC /* [CP] Embed Pods Frameworks */ = {
			isa = PBXShellScriptBuildPhase;
			buildActionMask = 2147483647;
			files = (
			);
			inputFileListPaths = (
				"${PODS_ROOT}/Target Support Files/Pods-TempoMobileTask-TempoMobileTaskUITests/Pods-TempoMobileTask-TempoMobileTaskUITests-frameworks-${CONFIGURATION}-input-files.xcfilelist",
			);
			name = "[CP] Embed Pods Frameworks";
			outputFileListPaths = (
				"${PODS_ROOT}/Target Support Files/Pods-TempoMobileTask-TempoMobileTaskUITests/Pods-TempoMobileTask-TempoMobileTaskUITests-frameworks-${CONFIGURATION}-output-files.xcfilelist",
			);
			runOnlyForDeploymentPostprocessing = 0;
			shellPath = /bin/sh;
			shellScript = "\"${PODS_ROOT}/Target Support Files/Pods-TempoMobileTask-TempoMobileTaskUITests/Pods-TempoMobileTask-TempoMobileTaskUITests-frameworks.sh\"\n";
			showEnvVarsInLog = 0;
		};
		BB37EF381188706967C72047 /* [CP] Embed Pods Frameworks */ = {
			isa = PBXShellScriptBuildPhase;
			buildActionMask = 2147483647;
			files = (
			);
			inputFileListPaths = (
				"${PODS_ROOT}/Target Support Files/Pods-TempoMobileTask/Pods-TempoMobileTask-frameworks-${CONFIGURATION}-input-files.xcfilelist",
			);
			name = "[CP] Embed Pods Frameworks";
			outputFileListPaths = (
				"${PODS_ROOT}/Target Support Files/Pods-TempoMobileTask/Pods-TempoMobileTask-frameworks-${CONFIGURATION}-output-files.xcfilelist",
			);
			runOnlyForDeploymentPostprocessing = 0;
			shellPath = /bin/sh;
			shellScript = "\"${PODS_ROOT}/Target Support Files/Pods-TempoMobileTask/Pods-TempoMobileTask-frameworks.sh\"\n";
			showEnvVarsInLog = 0;
		};
		F3B603F94EC0BB3834047489 /* [CP] Check Pods Manifest.lock */ = {
			isa = PBXShellScriptBuildPhase;
			buildActionMask = 2147483647;
			files = (
			);
			inputFileListPaths = (
			);
			inputPaths = (
				"${PODS_PODFILE_DIR_PATH}/Podfile.lock",
				"${PODS_ROOT}/Manifest.lock",
			);
			name = "[CP] Check Pods Manifest.lock";
			outputFileListPaths = (
			);
			outputPaths = (
				"$(DERIVED_FILE_DIR)/Pods-TempoMobileTask-TempoMobileTaskUITests-checkManifestLockResult.txt",
			);
			runOnlyForDeploymentPostprocessing = 0;
			shellPath = /bin/sh;
			shellScript = "diff \"${PODS_PODFILE_DIR_PATH}/Podfile.lock\" \"${PODS_ROOT}/Manifest.lock\" > /dev/null\nif [ $? != 0 ] ; then\n    # print error to STDERR\n    echo \"error: The sandbox is not in sync with the Podfile.lock. Run 'pod install' or update your CocoaPods installation.\" >&2\n    exit 1\nfi\n# This output is used by Xcode 'outputs' to avoid re-running this script phase.\necho \"SUCCESS\" > \"${SCRIPT_OUTPUT_FILE_0}\"\n";
			showEnvVarsInLog = 0;
		};
/* End PBXShellScriptBuildPhase section */

/* Begin PBXSourcesBuildPhase section */
		59427D49267B9493003E669E /* Sources */ = {
			isa = PBXSourcesBuildPhase;
			buildActionMask = 2147483647;
			files = (
				59427D8A267B9A94003E669E /* NewsModel.swift in Sources */,
				59427D87267B983A003E669E /* NetworkConstants.swift in Sources */,
				59427D96267D2315003E669E /* NewsTableViewCell.swift in Sources */,
				59427D55267B9494003E669E /* NewsListViewController.swift in Sources */,
				59427D51267B9493003E669E /* AppDelegate.swift in Sources */,
				59F53D15267E25BA000B782F /* Extensions.swift in Sources */,
				59427D92267D1874003E669E /* NewsViewModel.swift in Sources */,
				59F53D12267E19F5000B782F /* NewsDetailsViewController.swift in Sources */,
				59427D86267B983A003E669E /* ApiRouter.swift in Sources */,
				59427D85267B983A003E669E /* ApiClient.swift in Sources */,
			);
			runOnlyForDeploymentPostprocessing = 0;
		};
		59427D5F267B9497003E669E /* Sources */ = {
			isa = PBXSourcesBuildPhase;
			buildActionMask = 2147483647;
			files = (
				59427D68267B9497003E669E /* TempoMobileTaskTests.swift in Sources */,
			);
			runOnlyForDeploymentPostprocessing = 0;
		};
		59427D6A267B9497003E669E /* Sources */ = {
			isa = PBXSourcesBuildPhase;
			buildActionMask = 2147483647;
			files = (
				59427D73267B9497003E669E /* TempoMobileTaskUITests.swift in Sources */,
			);
			runOnlyForDeploymentPostprocessing = 0;
		};
/* End PBXSourcesBuildPhase section */

/* Begin PBXTargetDependency section */
		59427D65267B9497003E669E /* PBXTargetDependency */ = {
			isa = PBXTargetDependency;
			target = 59427D4C267B9493003E669E /* TempoMobileTask */;
			targetProxy = 59427D64267B9497003E669E /* PBXContainerItemProxy */;
		};
		59427D70267B9497003E669E /* PBXTargetDependency */ = {
			isa = PBXTargetDependency;
			target = 59427D4C267B9493003E669E /* TempoMobileTask */;
			targetProxy = 59427D6F267B9497003E669E /* PBXContainerItemProxy */;
		};
/* End PBXTargetDependency section */

/* Begin PBXVariantGroup section */
		59427D5B267B9496003E669E /* LaunchScreen.storyboard */ = {
			isa = PBXVariantGroup;
			children = (
				59427D5C267B9496003E669E /* Base */,
			);
			name = LaunchScreen.storyboard;
			sourceTree = "<group>";
		};
/* End PBXVariantGroup section */

/* Begin XCBuildConfiguration section */
		59427D75267B9497003E669E /* Debug */ = {
			isa = XCBuildConfiguration;
			buildSettings = {
				ALWAYS_SEARCH_USER_PATHS = NO;
				CLANG_ANALYZER_NONNULL = YES;
				CLANG_ANALYZER_NUMBER_OBJECT_CONVERSION = YES_AGGRESSIVE;
				CLANG_CXX_LANGUAGE_STANDARD = "gnu++14";
				CLANG_CXX_LIBRARY = "libc++";
				CLANG_ENABLE_MODULES = YES;
				CLANG_ENABLE_OBJC_ARC = YES;
				CLANG_ENABLE_OBJC_WEAK = YES;
				CLANG_WARN_BLOCK_CAPTURE_AUTORELEASING = YES;
				CLANG_WARN_BOOL_CONVERSION = YES;
				CLANG_WARN_COMMA = YES;
				CLANG_WARN_CONSTANT_CONVERSION = YES;
				CLANG_WARN_DEPRECATED_OBJC_IMPLEMENTATIONS = YES;
				CLANG_WARN_DIRECT_OBJC_ISA_USAGE = YES_ERROR;
				CLANG_WARN_DOCUMENTATION_COMMENTS = YES;
				CLANG_WARN_EMPTY_BODY = YES;
				CLANG_WARN_ENUM_CONVERSION = YES;
				CLANG_WARN_INFINITE_RECURSION = YES;
				CLANG_WARN_INT_CONVERSION = YES;
				CLANG_WARN_NON_LITERAL_NULL_CONVERSION = YES;
				CLANG_WARN_OBJC_IMPLICIT_RETAIN_SELF = YES;
				CLANG_WARN_OBJC_LITERAL_CONVERSION = YES;
				CLANG_WARN_OBJC_ROOT_CLASS = YES_ERROR;
				CLANG_WARN_QUOTED_INCLUDE_IN_FRAMEWORK_HEADER = YES;
				CLANG_WARN_RANGE_LOOP_ANALYSIS = YES;
				CLANG_WARN_STRICT_PROTOTYPES = YES;
				CLANG_WARN_SUSPICIOUS_MOVE = YES;
				CLANG_WARN_UNGUARDED_AVAILABILITY = YES_AGGRESSIVE;
				CLANG_WARN_UNREACHABLE_CODE = YES;
				CLANG_WARN__DUPLICATE_METHOD_MATCH = YES;
				COPY_PHASE_STRIP = NO;
				DEBUG_INFORMATION_FORMAT = dwarf;
				ENABLE_STRICT_OBJC_MSGSEND = YES;
				ENABLE_TESTABILITY = YES;
				GCC_C_LANGUAGE_STANDARD = gnu11;
				GCC_DYNAMIC_NO_PIC = NO;
				GCC_NO_COMMON_BLOCKS = YES;
				GCC_OPTIMIZATION_LEVEL = 0;
				GCC_PREPROCESSOR_DEFINITIONS = (
					"DEBUG=1",
					"$(inherited)",
				);
				GCC_WARN_64_TO_32_BIT_CONVERSION = YES;
				GCC_WARN_ABOUT_RETURN_TYPE = YES_ERROR;
				GCC_WARN_UNDECLARED_SELECTOR = YES;
				GCC_WARN_UNINITIALIZED_AUTOS = YES_AGGRESSIVE;
				GCC_WARN_UNUSED_FUNCTION = YES;
				GCC_WARN_UNUSED_VARIABLE = YES;
				IPHONEOS_DEPLOYMENT_TARGET = 14.5;
				MTL_ENABLE_DEBUG_INFO = INCLUDE_SOURCE;
				MTL_FAST_MATH = YES;
				ONLY_ACTIVE_ARCH = YES;
				SDKROOT = iphoneos;
				SWIFT_ACTIVE_COMPILATION_CONDITIONS = DEBUG;
				SWIFT_OPTIMIZATION_LEVEL = "-Onone";
			};
			name = Debug;
		};
		59427D76267B9497003E669E /* Release */ = {
			isa = XCBuildConfiguration;
			buildSettings = {
				ALWAYS_SEARCH_USER_PATHS = NO;
				CLANG_ANALYZER_NONNULL = YES;
				CLANG_ANALYZER_NUMBER_OBJECT_CONVERSION = YES_AGGRESSIVE;
				CLANG_CXX_LANGUAGE_STANDARD = "gnu++14";
				CLANG_CXX_LIBRARY = "libc++";
				CLANG_ENABLE_MODULES = YES;
				CLANG_ENABLE_OBJC_ARC = YES;
				CLANG_ENABLE_OBJC_WEAK = YES;
				CLANG_WARN_BLOCK_CAPTURE_AUTORELEASING = YES;
				CLANG_WARN_BOOL_CONVERSION = YES;
				CLANG_WARN_COMMA = YES;
				CLANG_WARN_CONSTANT_CONVERSION = YES;
				CLANG_WARN_DEPRECATED_OBJC_IMPLEMENTATIONS = YES;
				CLANG_WARN_DIRECT_OBJC_ISA_USAGE = YES_ERROR;
				CLANG_WARN_DOCUMENTATION_COMMENTS = YES;
				CLANG_WARN_EMPTY_BODY = YES;
				CLANG_WARN_ENUM_CONVERSION = YES;
				CLANG_WARN_INFINITE_RECURSION = YES;
				CLANG_WARN_INT_CONVERSION = YES;
				CLANG_WARN_NON_LITERAL_NULL_CONVERSION = YES;
				CLANG_WARN_OBJC_IMPLICIT_RETAIN_SELF = YES;
				CLANG_WARN_OBJC_LITERAL_CONVERSION = YES;
				CLANG_WARN_OBJC_ROOT_CLASS = YES_ERROR;
				CLANG_WARN_QUOTED_INCLUDE_IN_FRAMEWORK_HEADER = YES;
				CLANG_WARN_RANGE_LOOP_ANALYSIS = YES;
				CLANG_WARN_STRICT_PROTOTYPES = YES;
				CLANG_WARN_SUSPICIOUS_MOVE = YES;
				CLANG_WARN_UNGUARDED_AVAILABILITY = YES_AGGRESSIVE;
				CLANG_WARN_UNREACHABLE_CODE = YES;
				CLANG_WARN__DUPLICATE_METHOD_MATCH = YES;
				COPY_PHASE_STRIP = NO;
				DEBUG_INFORMATION_FORMAT = "dwarf-with-dsym";
				ENABLE_NS_ASSERTIONS = NO;
				ENABLE_STRICT_OBJC_MSGSEND = YES;
				GCC_C_LANGUAGE_STANDARD = gnu11;
				GCC_NO_COMMON_BLOCKS = YES;
				GCC_WARN_64_TO_32_BIT_CONVERSION = YES;
				GCC_WARN_ABOUT_RETURN_TYPE = YES_ERROR;
				GCC_WARN_UNDECLARED_SELECTOR = YES;
				GCC_WARN_UNINITIALIZED_AUTOS = YES_AGGRESSIVE;
				GCC_WARN_UNUSED_FUNCTION = YES;
				GCC_WARN_UNUSED_VARIABLE = YES;
				IPHONEOS_DEPLOYMENT_TARGET = 14.5;
				MTL_ENABLE_DEBUG_INFO = NO;
				MTL_FAST_MATH = YES;
				SDKROOT = iphoneos;
				SWIFT_COMPILATION_MODE = wholemodule;
				SWIFT_OPTIMIZATION_LEVEL = "-O";
				VALIDATE_PRODUCT = YES;
			};
			name = Release;
		};
		59427D78267B9497003E669E /* Debug */ = {
			isa = XCBuildConfiguration;
			baseConfigurationReference = 3C251D030ACFE42400284393 /* Pods-TempoMobileTask.debug.xcconfig */;
			buildSettings = {
				ASSETCATALOG_COMPILER_APPICON_NAME = AppIcon;
				ASSETCATALOG_COMPILER_GLOBAL_ACCENT_COLOR_NAME = AccentColor;
				CODE_SIGN_STYLE = Automatic;
				DEVELOPMENT_TEAM = Y8LWPD3RV8;
				INFOPLIST_FILE = TempoMobileTask/Info.plist;
				LD_RUNPATH_SEARCH_PATHS = (
					"$(inherited)",
					"@executable_path/Frameworks",
				);
				PRODUCT_BUNDLE_IDENTIFIER = com.dozzan.TempoMobileTask;
				PRODUCT_NAME = "$(TARGET_NAME)";
				SWIFT_VERSION = 5.0;
				TARGETED_DEVICE_FAMILY = "1,2";
			};
			name = Debug;
		};
		59427D79267B9497003E669E /* Release */ = {
			isa = XCBuildConfiguration;
			baseConfigurationReference = 23FE51D4D18BF319DFFCFEE6 /* Pods-TempoMobileTask.release.xcconfig */;
			buildSettings = {
				ASSETCATALOG_COMPILER_APPICON_NAME = AppIcon;
				ASSETCATALOG_COMPILER_GLOBAL_ACCENT_COLOR_NAME = AccentColor;
				CODE_SIGN_STYLE = Automatic;
				DEVELOPMENT_TEAM = Y8LWPD3RV8;
				INFOPLIST_FILE = TempoMobileTask/Info.plist;
				LD_RUNPATH_SEARCH_PATHS = (
					"$(inherited)",
					"@executable_path/Frameworks",
				);
				PRODUCT_BUNDLE_IDENTIFIER = com.dozzan.TempoMobileTask;
				PRODUCT_NAME = "$(TARGET_NAME)";
				SWIFT_VERSION = 5.0;
				TARGETED_DEVICE_FAMILY = "1,2";
			};
			name = Release;
		};
		59427D7B267B9497003E669E /* Debug */ = {
			isa = XCBuildConfiguration;
			baseConfigurationReference = B3D9F57876FD7E38FADEC077 /* Pods-TempoMobileTaskTests.debug.xcconfig */;
			buildSettings = {
				ALWAYS_EMBED_SWIFT_STANDARD_LIBRARIES = YES;
				BUNDLE_LOADER = "$(TEST_HOST)";
				CODE_SIGN_STYLE = Automatic;
				DEVELOPMENT_TEAM = Y8LWPD3RV8;
				INFOPLIST_FILE = TempoMobileTaskTests/Info.plist;
				IPHONEOS_DEPLOYMENT_TARGET = 14.5;
				LD_RUNPATH_SEARCH_PATHS = (
					"$(inherited)",
					"@executable_path/Frameworks",
					"@loader_path/Frameworks",
				);
				PRODUCT_BUNDLE_IDENTIFIER = com.dozzan.TempoMobileTaskTests;
				PRODUCT_NAME = "$(TARGET_NAME)";
				SWIFT_VERSION = 5.0;
				TARGETED_DEVICE_FAMILY = "1,2";
				TEST_HOST = "$(BUILT_PRODUCTS_DIR)/TempoMobileTask.app/TempoMobileTask";
			};
			name = Debug;
		};
		59427D7C267B9497003E669E /* Release */ = {
			isa = XCBuildConfiguration;
			baseConfigurationReference = D7B212E36296B61DEACEA44F /* Pods-TempoMobileTaskTests.release.xcconfig */;
			buildSettings = {
				ALWAYS_EMBED_SWIFT_STANDARD_LIBRARIES = YES;
				BUNDLE_LOADER = "$(TEST_HOST)";
				CODE_SIGN_STYLE = Automatic;
				DEVELOPMENT_TEAM = Y8LWPD3RV8;
				INFOPLIST_FILE = TempoMobileTaskTests/Info.plist;
				IPHONEOS_DEPLOYMENT_TARGET = 14.5;
				LD_RUNPATH_SEARCH_PATHS = (
					"$(inherited)",
					"@executable_path/Frameworks",
					"@loader_path/Frameworks",
				);
				PRODUCT_BUNDLE_IDENTIFIER = com.dozzan.TempoMobileTaskTests;
				PRODUCT_NAME = "$(TARGET_NAME)";
				SWIFT_VERSION = 5.0;
				TARGETED_DEVICE_FAMILY = "1,2";
				TEST_HOST = "$(BUILT_PRODUCTS_DIR)/TempoMobileTask.app/TempoMobileTask";
			};
			name = Release;
		};
		59427D7E267B9497003E669E /* Debug */ = {
			isa = XCBuildConfiguration;
			baseConfigurationReference = 0329BE9C5DF721D8D8F1CEF8 /* Pods-TempoMobileTask-TempoMobileTaskUITests.debug.xcconfig */;
			buildSettings = {
				ALWAYS_EMBED_SWIFT_STANDARD_LIBRARIES = YES;
				CODE_SIGN_STYLE = Automatic;
				DEVELOPMENT_TEAM = Y8LWPD3RV8;
				INFOPLIST_FILE = TempoMobileTaskUITests/Info.plist;
				LD_RUNPATH_SEARCH_PATHS = (
					"$(inherited)",
					"@executable_path/Frameworks",
					"@loader_path/Frameworks",
				);
				PRODUCT_BUNDLE_IDENTIFIER = com.dozzan.TempoMobileTaskUITests;
				PRODUCT_NAME = "$(TARGET_NAME)";
				SWIFT_VERSION = 5.0;
				TARGETED_DEVICE_FAMILY = "1,2";
				TEST_TARGET_NAME = TempoMobileTask;
			};
			name = Debug;
		};
		59427D7F267B9497003E669E /* Release */ = {
			isa = XCBuildConfiguration;
			baseConfigurationReference = 26B1682FD65E84DAAA356FC1 /* Pods-TempoMobileTask-TempoMobileTaskUITests.release.xcconfig */;
			buildSettings = {
				ALWAYS_EMBED_SWIFT_STANDARD_LIBRARIES = YES;
				CODE_SIGN_STYLE = Automatic;
				DEVELOPMENT_TEAM = Y8LWPD3RV8;
				INFOPLIST_FILE = TempoMobileTaskUITests/Info.plist;
				LD_RUNPATH_SEARCH_PATHS = (
					"$(inherited)",
					"@executable_path/Frameworks",
					"@loader_path/Frameworks",
				);
				PRODUCT_BUNDLE_IDENTIFIER = com.dozzan.TempoMobileTaskUITests;
				PRODUCT_NAME = "$(TARGET_NAME)";
				SWIFT_VERSION = 5.0;
				TARGETED_DEVICE_FAMILY = "1,2";
				TEST_TARGET_NAME = TempoMobileTask;
			};
			name = Release;
		};
/* End XCBuildConfiguration section */

/* Begin XCConfigurationList section */
		59427D48267B9493003E669E /* Build configuration list for PBXProject "TempoMobileTask" */ = {
			isa = XCConfigurationList;
			buildConfigurations = (
				59427D75267B9497003E669E /* Debug */,
				59427D76267B9497003E669E /* Release */,
			);
			defaultConfigurationIsVisible = 0;
			defaultConfigurationName = Release;
		};
		59427D77267B9497003E669E /* Build configuration list for PBXNativeTarget "TempoMobileTask" */ = {
			isa = XCConfigurationList;
			buildConfigurations = (
				59427D78267B9497003E669E /* Debug */,
				59427D79267B9497003E669E /* Release */,
			);
			defaultConfigurationIsVisible = 0;
			defaultConfigurationName = Release;
		};
		59427D7A267B9497003E669E /* Build configuration list for PBXNativeTarget "TempoMobileTaskTests" */ = {
			isa = XCConfigurationList;
			buildConfigurations = (
				59427D7B267B9497003E669E /* Debug */,
				59427D7C267B9497003E669E /* Release */,
			);
			defaultConfigurationIsVisible = 0;
			defaultConfigurationName = Release;
		};
		59427D7D267B9497003E669E /* Build configuration list for PBXNativeTarget "TempoMobileTaskUITests" */ = {
			isa = XCConfigurationList;
			buildConfigurations = (
				59427D7E267B9497003E669E /* Debug */,
				59427D7F267B9497003E669E /* Release */,
			);
			defaultConfigurationIsVisible = 0;
			defaultConfigurationName = Release;
		};
/* End XCConfigurationList section */
	};
	rootObject = 59427D45267B9493003E669E /* Project object */;
}
